
Microsoft Visual Studio Solution File, Format Version 12.00
# Visual Studio Version 17
VisualStudioVersion = 17.8.34525.116
MinimumVisualStudioVersion = 10.0.40219.1
Project("{FAE04EC0-301F-11D3-BF4B-00C04F79EFBC}") = "WebAPIProdutoMongoDB", "WebAPIProdutoMongoDB.csproj", "{247ED831-BFC8-4D3F-BE17-9BC556B30CBD}"
EndProject
Global
	GlobalSection(SolutionConfigurationPlatforms) = preSolution
		Debug|Any CPU = Debug|Any CPU
		Release|Any CPU = Release|Any CPU
	EndGlobalSection
	GlobalSection(ProjectConfigurationPlatforms) = postSolution
		{247ED831-BFC8-4D3F-BE17-9BC556B30CBD}.Debug|Any CPU.ActiveCfg = Debug|Any CPU
		{247ED831-BFC8-4D3F-BE17-9BC556B30CBD}.Debug|Any CPU.Build.0 = Debug|Any CPU
		{247ED831-BFC8-4D3F-BE17-9BC556B30CBD}.Release|Any CPU.ActiveCfg = Release|Any CPU
		{247ED831-BFC8-4D3F-BE17-9BC556B30CBD}.Release|Any CPU.Build.0 = Release|Any CPU
	EndGlobalSection
	GlobalSection(SolutionProperties) = preSolution
		HideSolutionNode = FALSE
	EndGlobalSection
	GlobalSection(ExtensibilityGlobals) = postSolution
		SolutionGuid = {ED8C2B96-6A43-4441-9B38-B7CBF5D394B3}
	EndGlobalSection
EndGlobal
